
Microsoft Visual Studio Solution File, Format Version 12.00
# Visual Studio 14
VisualStudioVersion = 14.0.25123.0
MinimumVisualStudioVersion = 10.0.40219.1
Project("{3407FA0A-7A1C-4993-ACBD-B296DD911A55}") = "Sitecore.Support.185531", "Sitecore.Support.185531\Sitecore.Support.185531.csproj", "{69DEF499-648C-4092-A329-473365C8FE05}"
EndProject
Global
	GlobalSection(SolutionConfigurationPlatforms) = preSolution
		Debug|Any CPU = Debug|Any CPU
		Release|Any CPU = Release|Any CPU
	EndGlobalSection
	GlobalSection(ProjectConfigurationPlatforms) = postSolution
		{69DEF499-648C-4092-A329-473365C8FE05}.Debug|Any CPU.ActiveCfg = Debug|Any CPU
		{69DEF499-648C-4092-A329-473365C8FE05}.Debug|Any CPU.Build.0 = Debug|Any CPU
		{69DEF499-648C-4092-A329-473365C8FE05}.Release|Any CPU.ActiveCfg = Release|Any CPU
		{69DEF499-648C-4092-A329-473365C8FE05}.Release|Any CPU.Build.0 = Release|Any CPU
	EndGlobalSection
	GlobalSection(SolutionProperties) = preSolution
		HideSolutionNode = FALSE
	EndGlobalSection
EndGlobal
